
Microsoft Visual Studio Solution File, Format Version 12.00
# Visual Studio Version 16
VisualStudioVersion = 16.0.33130.400
MinimumVisualStudioVersion = 10.0.40219.1
Project("{FAE04EC0-301F-11D3-BF4B-00C04F79EFBC}") = "MyMovies", "MyMovies\MyMovies.csproj", "{B71548FB-C5E0-4B49-B4CE-9A7D81A5A1BD}"
EndProject
Global
	GlobalSection(SolutionConfigurationPlatforms) = preSolution
		Debug|Any CPU = Debug|Any CPU
		Release|Any CPU = Release|Any CPU
	EndGlobalSection
	GlobalSection(ProjectConfigurationPlatforms) = postSolution
		{B71548FB-C5E0-4B49-B4CE-9A7D81A5A1BD}.Debug|Any CPU.ActiveCfg = Debug|Any CPU
		{B71548FB-C5E0-4B49-B4CE-9A7D81A5A1BD}.Debug|Any CPU.Build.0 = Debug|Any CPU
		{B71548FB-C5E0-4B49-B4CE-9A7D81A5A1BD}.Release|Any CPU.ActiveCfg = Release|Any CPU
		{B71548FB-C5E0-4B49-B4CE-9A7D81A5A1BD}.Release|Any CPU.Build.0 = Release|Any CPU
	EndGlobalSection
	GlobalSection(SolutionProperties) = preSolution
		HideSolutionNode = FALSE
	EndGlobalSection
	GlobalSection(ExtensibilityGlobals) = postSolution
		SolutionGuid = {79DEA2EA-9943-4545-AC2B-183300B72BE7}
	EndGlobalSection
EndGlobal
